<?xml version="1.0" encoding="UTF-8"?>
<CONFIG>
  <ProjectOptions>
    <Version Value="10"/>
    <PathDelim Value="\"/>
    <General>
      <Flags>
        <MainUnitHasCreateFormStatements Value="False"/>
        <MainUnitHasScaledStatement Value="False"/>
      </Flags>
      <SessionStorage Value="InProjectDir"/>
      <MainUnit Value="0"/>
      <Title Value="Docker Control"/>
      <UseAppBundle Value="False"/>
      <ResourceType Value="res"/>
    </General>
    <VersionInfo>
      <UseVersionInfo Value="True"/>
      <MajorVersionNr Value="1"/>
      <StringTable CompanyName="Danitso" FileDescription="Controls the Docker service" LegalCopyright="Danitso" OriginalFilename="$MakeExe(docker-control)" ProductName="Docker Control"/>
    </VersionInfo>
    <BuildModes Count="1">
      <Item1 Name="Default" Default="True"/>
    </BuildModes>
    <PublishOptions>
      <Version Value="2"/>
    </PublishOptions>
    <RunParams>
      <local>
        <FormatVersion Value="1"/>
      </local>
    </RunParams>
    <Units Count="9">
      <Unit0>
        <Filename Value="dockercontrol.pas"/>
        <IsPartOfProject Value="True"/>
        <UnitName Value="DockerControl"/>
      </Unit0>
      <Unit1>
        <Filename Value="src\classes\windows\windowscontroller.pas"/>
        <IsPartOfProject Value="True"/>
        <UnitName Value="WindowsController"/>
      </Unit1>
      <Unit2>
        <Filename Value="src\interfaces\common\controllerinterface.pas"/>
        <IsPartOfProject Value="True"/>
        <UnitName Value="ControllerInterface"/>
      </Unit2>
      <Unit3>
        <Filename Value="src\classes\windows\tray.pas"/>
        <IsPartOfProject Value="True"/>
        <UnitName Value="Tray"/>
      </Unit3>
      <Unit4>
        <Filename Value="src\classes\windows\traybutton.pas"/>
        <IsPartOfProject Value="True"/>
        <UnitName Value="TrayButton"/>
      </Unit4>
      <Unit5>
        <Filename Value="src\classes\windows\windowsconfiguration.pas"/>
        <IsPartOfProject Value="True"/>
        <UnitName Value="WindowsConfiguration"/>
      </Unit5>
      <Unit6>
        <Filename Value="src\classes\common\stringfunctions.pas"/>
        <IsPartOfProject Value="True"/>
        <UnitName Value="StringFunctions"/>
      </Unit6>
      <Unit7>
        <Filename Value="src\interfaces\common\configurationinterface.pas"/>
        <IsPartOfProject Value="True"/>
        <UnitName Value="ConfigurationInterface"/>
      </Unit7>
      <Unit8>
        <Filename Value="src\classes\windows\windowsshares.pas"/>
        <IsPartOfProject Value="True"/>
        <UnitName Value="WindowsShares"/>
      </Unit8>
    </Units>
  </ProjectOptions>
  <CompilerOptions>
    <Version Value="11"/>
    <PathDelim Value="\"/>
    <Target>
      <Filename Value="bin\$(TargetCPU)\$(TargetOS)\docker-control"/>
    </Target>
    <SearchPaths>
      <IncludeFiles Value="$(ProjOutDir)"/>
      <OtherUnitFiles Value="src\interfaces;src\interfaces\common;src\classes\windows;src\classes\common"/>
      <UnitOutputDirectory Value="lib\$(TargetCPU)\$(TargetOS)"/>
    </SearchPaths>
    <Parsing>
      <SyntaxOptions>
        <SyntaxMode Value="Delphi"/>
      </SyntaxOptions>
    </Parsing>
    <CodeGeneration>
      <SmartLinkUnit Value="True"/>
      <Optimizations>
        <OptimizationLevel Value="3"/>
      </Optimizations>
    </CodeGeneration>
    <Linking>
      <Debugging>
        <GenerateDebugInfo Value="False"/>
        <StripSymbols Value="True"/>
      </Debugging>
      <LinkSmart Value="True"/>
    </Linking>
  </CompilerOptions>
  <Debugging>
    <Exceptions Count="3">
      <Item1>
        <Name Value="EAbort"/>
      </Item1>
      <Item2>
        <Name Value="ECodetoolError"/>
      </Item2>
      <Item3>
        <Name Value="EFOpenError"/>
      </Item3>
    </Exceptions>
  </Debugging>
</CONFIG>
